
Microsoft Visual Studio Solution File, Format Version 12.00
# Visual Studio Version 16
VisualStudioVersion = 16.0.31424.327
MinimumVisualStudioVersion = 10.0.40219.1
Project("{FAE04EC0-301F-11D3-BF4B-00C04F79EFBC}") = "Solidworks", "Solidworks\Solidworks.csproj", "{F6EE711A-D3CC-4A29-AAAB-27E5FE4D7F42}"
EndProject
Global
	GlobalSection(SolutionConfigurationPlatforms) = preSolution
		Debug|Any CPU = Debug|Any CPU
		Release|Any CPU = Release|Any CPU
	EndGlobalSection
	GlobalSection(ProjectConfigurationPlatforms) = postSolution
		{F6EE711A-D3CC-4A29-AAAB-27E5FE4D7F42}.Debug|Any CPU.ActiveCfg = Debug|Any CPU
		{F6EE711A-D3CC-4A29-AAAB-27E5FE4D7F42}.Debug|Any CPU.Build.0 = Debug|Any CPU
		{F6EE711A-D3CC-4A29-AAAB-27E5FE4D7F42}.Release|Any CPU.ActiveCfg = Release|Any CPU
		{F6EE711A-D3CC-4A29-AAAB-27E5FE4D7F42}.Release|Any CPU.Build.0 = Release|Any CPU
	EndGlobalSection
	GlobalSection(SolutionProperties) = preSolution
		HideSolutionNode = FALSE
	EndGlobalSection
	GlobalSection(ExtensibilityGlobals) = postSolution
		SolutionGuid = {A22721AF-755B-479A-A90C-2D219D322E7F}
	EndGlobalSection
EndGlobal
